
Microsoft Visual Studio Solution File, Format Version 12.00
# Visual Studio 14
VisualStudioVersion = 14.0.25420.1
MinimumVisualStudioVersion = 10.0.40219.1
Project("{FAE04EC0-301F-11D3-BF4B-00C04F79EFBC}") = "LoginWeb", "LoginWeb\LoginWeb.csproj", "{F91C1FAA-0C28-45DB-B109-9B9C713A1A7D}"
EndProject
Project("{FAE04EC0-301F-11D3-BF4B-00C04F79EFBC}") = "LoginWeb.Tests", "LoginWeb.Tests\LoginWeb.Tests.csproj", "{8970C963-8EEE-4E11-9CF5-50B8025C4936}"
EndProject
Global
	GlobalSection(SolutionConfigurationPlatforms) = preSolution
		Debug|Any CPU = Debug|Any CPU
		Release|Any CPU = Release|Any CPU
	EndGlobalSection
	GlobalSection(ProjectConfigurationPlatforms) = postSolution
		{F91C1FAA-0C28-45DB-B109-9B9C713A1A7D}.Debug|Any CPU.ActiveCfg = Debug|Any CPU
		{F91C1FAA-0C28-45DB-B109-9B9C713A1A7D}.Debug|Any CPU.Build.0 = Debug|Any CPU
		{F91C1FAA-0C28-45DB-B109-9B9C713A1A7D}.Release|Any CPU.ActiveCfg = Release|Any CPU
		{F91C1FAA-0C28-45DB-B109-9B9C713A1A7D}.Release|Any CPU.Build.0 = Release|Any CPU
		{8970C963-8EEE-4E11-9CF5-50B8025C4936}.Debug|Any CPU.ActiveCfg = Debug|Any CPU
		{8970C963-8EEE-4E11-9CF5-50B8025C4936}.Debug|Any CPU.Build.0 = Debug|Any CPU
		{8970C963-8EEE-4E11-9CF5-50B8025C4936}.Release|Any CPU.ActiveCfg = Release|Any CPU
		{8970C963-8EEE-4E11-9CF5-50B8025C4936}.Release|Any CPU.Build.0 = Release|Any CPU
	EndGlobalSection
	GlobalSection(SolutionProperties) = preSolution
		HideSolutionNode = FALSE
	EndGlobalSection
EndGlobal
